
Microsoft Visual Studio Solution File, Format Version 12.00
# Visual Studio 15
VisualStudioVersion = 15.0.28307.271
MinimumVisualStudioVersion = 10.0.40219.1
Project("{FAE04EC0-301F-11D3-BF4B-00C04F79EFBC}") = "CrazyMathematicianApp.Android", "CrazyMathematicianApp\CrazyMathematicianApp.Android\CrazyMathematicianApp.Android.csproj", "{5028929C-FA93-4391-984B-E9A8A53190CB}"
EndProject
Project("{FAE04EC0-301F-11D3-BF4B-00C04F79EFBC}") = "CrazyMathematicianApp.iOS", "CrazyMathematicianApp\CrazyMathematicianApp.iOS\CrazyMathematicianApp.iOS.csproj", "{7DD06ED1-9FA6-4CFC-AAEE-ED6D3B2C8529}"
EndProject
Project("{FAE04EC0-301F-11D3-BF4B-00C04F79EFBC}") = "CrazyMathematicianApp", "CrazyMathematicianApp\CrazyMathematicianApp\CrazyMathematicianApp.csproj", "{A7FB020B-906A-460A-9A42-36929C8AE659}"
EndProject
Global
	GlobalSection(SolutionConfigurationPlatforms) = preSolution
		Ad-Hoc|Any CPU = Ad-Hoc|Any CPU
		Ad-Hoc|iPhone = Ad-Hoc|iPhone
		Ad-Hoc|iPhoneSimulator = Ad-Hoc|iPhoneSimulator
		AppStore|Any CPU = AppStore|Any CPU
		AppStore|iPhone = AppStore|iPhone
		AppStore|iPhoneSimulator = AppStore|iPhoneSimulator
		Debug|Any CPU = Debug|Any CPU
		Debug|iPhone = Debug|iPhone
		Debug|iPhoneSimulator = Debug|iPhoneSimulator
		Release|Any CPU = Release|Any CPU
		Release|iPhone = Release|iPhone
		Release|iPhoneSimulator = Release|iPhoneSimulator
	EndGlobalSection
	GlobalSection(ProjectConfigurationPlatforms) = postSolution
		{5028929C-FA93-4391-984B-E9A8A53190CB}.Ad-Hoc|Any CPU.ActiveCfg = Release|Any CPU
		{5028929C-FA93-4391-984B-E9A8A53190CB}.Ad-Hoc|Any CPU.Build.0 = Release|Any CPU
		{5028929C-FA93-4391-984B-E9A8A53190CB}.Ad-Hoc|Any CPU.Deploy.0 = Release|Any CPU
		{5028929C-FA93-4391-984B-E9A8A53190CB}.Ad-Hoc|iPhone.ActiveCfg = Release|Any CPU
		{5028929C-FA93-4391-984B-E9A8A53190CB}.Ad-Hoc|iPhone.Build.0 = Release|Any CPU
		{5028929C-FA93-4391-984B-E9A8A53190CB}.Ad-Hoc|iPhone.Deploy.0 = Release|Any CPU
		{5028929C-FA93-4391-984B-E9A8A53190CB}.Ad-Hoc|iPhoneSimulator.ActiveCfg = Release|Any CPU
		{5028929C-FA93-4391-984B-E9A8A53190CB}.Ad-Hoc|iPhoneSimulator.Build.0 = Release|Any CPU
		{5028929C-FA93-4391-984B-E9A8A53190CB}.Ad-Hoc|iPhoneSimulator.Deploy.0 = Release|Any CPU
		{5028929C-FA93-4391-984B-E9A8A53190CB}.AppStore|Any CPU.ActiveCfg = Release|Any CPU
		{5028929C-FA93-4391-984B-E9A8A53190CB}.AppStore|Any CPU.Build.0 = Release|Any CPU
		{5028929C-FA93-4391-984B-E9A8A53190CB}.AppStore|Any CPU.Deploy.0 = Release|Any CPU
		{5028929C-FA93-4391-984B-E9A8A53190CB}.AppStore|iPhone.ActiveCfg = Release|Any CPU
		{5028929C-FA93-4391-984B-E9A8A53190CB}.AppStore|iPhone.Build.0 = Release|Any CPU
		{5028929C-FA93-4391-984B-E9A8A53190CB}.AppStore|iPhone.Deploy.0 = Release|Any CPU
		{5028929C-FA93-4391-984B-E9A8A53190CB}.AppStore|iPhoneSimulator.ActiveCfg = Release|Any CPU
		{5028929C-FA93-4391-984B-E9A8A53190CB}.AppStore|iPhoneSimulator.Build.0 = Release|Any CPU
		{5028929C-FA93-4391-984B-E9A8A53190CB}.AppStore|iPhoneSimulator.Deploy.0 = Release|Any CPU
		{5028929C-FA93-4391-984B-E9A8A53190CB}.Debug|Any CPU.ActiveCfg = Debug|Any CPU
		{5028929C-FA93-4391-984B-E9A8A53190CB}.Debug|Any CPU.Build.0 = Debug|Any CPU
		{5028929C-FA93-4391-984B-E9A8A53190CB}.Debug|Any CPU.Deploy.0 = Debug|Any CPU
		{5028929C-FA93-4391-984B-E9A8A53190CB}.Debug|iPhone.ActiveCfg = Debug|Any CPU
		{5028929C-FA93-4391-984B-E9A8A53190CB}.Debug|iPhone.Build.0 = Debug|Any CPU
		{5028929C-FA93-4391-984B-E9A8A53190CB}.Debug|iPhone.Deploy.0 = Debug|Any CPU
		{5028929C-FA93-4391-984B-E9A8A53190CB}.Debug|iPhoneSimulator.ActiveCfg = Debug|Any CPU
		{5028929C-FA93-4391-984B-E9A8A53190CB}.Debug|iPhoneSimulator.Build.0 = Debug|Any CPU
		{5028929C-FA93-4391-984B-E9A8A53190CB}.Debug|iPhoneSimulator.Deploy.0 = Debug|Any CPU
		{5028929C-FA93-4391-984B-E9A8A53190CB}.Release|Any CPU.ActiveCfg = Release|Any CPU
		{5028929C-FA93-4391-984B-E9A8A53190CB}.Release|Any CPU.Build.0 = Release|Any CPU
		{5028929C-FA93-4391-984B-E9A8A53190CB}.Release|Any CPU.Deploy.0 = Release|Any CPU
		{5028929C-FA93-4391-984B-E9A8A53190CB}.Release|iPhone.ActiveCfg = Release|Any CPU
		{5028929C-FA93-4391-984B-E9A8A53190CB}.Release|iPhone.Build.0 = Release|Any CPU
		{5028929C-FA93-4391-984B-E9A8A53190CB}.Release|iPhone.Deploy.0 = Release|Any CPU
		{5028929C-FA93-4391-984B-E9A8A53190CB}.Release|iPhoneSimulator.ActiveCfg = Release|Any CPU
		{5028929C-FA93-4391-984B-E9A8A53190CB}.Release|iPhoneSimulator.Build.0 = Release|Any CPU
		{5028929C-FA93-4391-984B-E9A8A53190CB}.Release|iPhoneSimulator.Deploy.0 = Release|Any CPU
		{7DD06ED1-9FA6-4CFC-AAEE-ED6D3B2C8529}.Ad-Hoc|Any CPU.ActiveCfg = Ad-Hoc|iPhone
		{7DD06ED1-9FA6-4CFC-AAEE-ED6D3B2C8529}.Ad-Hoc|Any CPU.Build.0 = Ad-Hoc|iPhone
		{7DD06ED1-9FA6-4CFC-AAEE-ED6D3B2C8529}.Ad-Hoc|Any CPU.Deploy.0 = Ad-Hoc|iPhone
		{7DD06ED1-9FA6-4CFC-AAEE-ED6D3B2C8529}.Ad-Hoc|iPhone.ActiveCfg = Ad-Hoc|iPhone
		{7DD06ED1-9FA6-4CFC-AAEE-ED6D3B2C8529}.Ad-Hoc|iPhone.Build.0 = Ad-Hoc|iPhone
		{7DD06ED1-9FA6-4CFC-AAEE-ED6D3B2C8529}.Ad-Hoc|iPhone.Deploy.0 = Ad-Hoc|iPhone
		{7DD06ED1-9FA6-4CFC-AAEE-ED6D3B2C8529}.Ad-Hoc|iPhoneSimulator.ActiveCfg = Ad-Hoc|iPhoneSimulator
		{7DD06ED1-9FA6-4CFC-AAEE-ED6D3B2C8529}.Ad-Hoc|iPhoneSimulator.Build.0 = Ad-Hoc|iPhoneSimulator
		{7DD06ED1-9FA6-4CFC-AAEE-ED6D3B2C8529}.Ad-Hoc|iPhoneSimulator.Deploy.0 = Ad-Hoc|iPhoneSimulator
		{7DD06ED1-9FA6-4CFC-AAEE-ED6D3B2C8529}.AppStore|Any CPU.ActiveCfg = AppStore|iPhone
		{7DD06ED1-9FA6-4CFC-AAEE-ED6D3B2C8529}.AppStore|Any CPU.Build.0 = AppStore|iPhone
		{7DD06ED1-9FA6-4CFC-AAEE-ED6D3B2C8529}.AppStore|Any CPU.Deploy.0 = AppStore|iPhone
		{7DD06ED1-9FA6-4CFC-AAEE-ED6D3B2C8529}.AppStore|iPhone.ActiveCfg = AppStore|iPhone
		{7DD06ED1-9FA6-4CFC-AAEE-ED6D3B2C8529}.AppStore|iPhone.Build.0 = AppStore|iPhone
		{7DD06ED1-9FA6-4CFC-AAEE-ED6D3B2C8529}.AppStore|iPhone.Deploy.0 = AppStore|iPhone
		{7DD06ED1-9FA6-4CFC-AAEE-ED6D3B2C8529}.AppStore|iPhoneSimulator.ActiveCfg = AppStore|iPhoneSimulator
		{7DD06ED1-9FA6-4CFC-AAEE-ED6D3B2C8529}.AppStore|iPhoneSimulator.Build.0 = AppStore|iPhoneSimulator
		{7DD06ED1-9FA6-4CFC-AAEE-ED6D3B2C8529}.AppStore|iPhoneSimulator.Deploy.0 = AppStore|iPhoneSimulator
		{7DD06ED1-9FA6-4CFC-AAEE-ED6D3B2C8529}.Debug|Any CPU.ActiveCfg = Debug|iPhoneSimulator
		{7DD06ED1-9FA6-4CFC-AAEE-ED6D3B2C8529}.Debug|Any CPU.Build.0 = Debug|iPhoneSimulator
		{7DD06ED1-9FA6-4CFC-AAEE-ED6D3B2C8529}.Debug|Any CPU.Deploy.0 = Debug|iPhoneSimulator
		{7DD06ED1-9FA6-4CFC-AAEE-ED6D3B2C8529}.Debug|iPhone.ActiveCfg = Debug|iPhone
		{7DD06ED1-9FA6-4CFC-AAEE-ED6D3B2C8529}.Debug|iPhone.Build.0 = Debug|iPhone
		{7DD06ED1-9FA6-4CFC-AAEE-ED6D3B2C8529}.Debug|iPhone.Deploy.0 = Debug|iPhone
		{7DD06ED1-9FA6-4CFC-AAEE-ED6D3B2C8529}.Debug|iPhoneSimulator.ActiveCfg = Debug|iPhoneSimulator
		{7DD06ED1-9FA6-4CFC-AAEE-ED6D3B2C8529}.Debug|iPhoneSimulator.Build.0 = Debug|iPhoneSimulator
		{7DD06ED1-9FA6-4CFC-AAEE-ED6D3B2C8529}.Debug|iPhoneSimulator.Deploy.0 = Debug|iPhoneSimulator
		{7DD06ED1-9FA6-4CFC-AAEE-ED6D3B2C8529}.Release|Any CPU.ActiveCfg = Release|iPhone
		{7DD06ED1-9FA6-4CFC-AAEE-ED6D3B2C8529}.Release|Any CPU.Build.0 = Release|iPhone
		{7DD06ED1-9FA6-4CFC-AAEE-ED6D3B2C8529}.Release|Any CPU.Deploy.0 = Release|iPhone
		{7DD06ED1-9FA6-4CFC-AAEE-ED6D3B2C8529}.Release|iPhone.ActiveCfg = Release|iPhone
		{7DD06ED1-9FA6-4CFC-AAEE-ED6D3B2C8529}.Release|iPhone.Build.0 = Release|iPhone
		{7DD06ED1-9FA6-4CFC-AAEE-ED6D3B2C8529}.Release|iPhone.Deploy.0 = Release|iPhone
		{7DD06ED1-9FA6-4CFC-AAEE-ED6D3B2C8529}.Release|iPhoneSimulator.ActiveCfg = Release|iPhoneSimulator
		{7DD06ED1-9FA6-4CFC-AAEE-ED6D3B2C8529}.Release|iPhoneSimulator.Build.0 = Release|iPhoneSimulator
		{7DD06ED1-9FA6-4CFC-AAEE-ED6D3B2C8529}.Release|iPhoneSimulator.Deploy.0 = Release|iPhoneSimulator
		{A7FB020B-906A-460A-9A42-36929C8AE659}.Ad-Hoc|Any CPU.ActiveCfg = Debug|Any CPU
		{A7FB020B-906A-460A-9A42-36929C8AE659}.Ad-Hoc|Any CPU.Build.0 = Debug|Any CPU
		{A7FB020B-906A-460A-9A42-36929C8AE659}.Ad-Hoc|Any CPU.Deploy.0 = Debug|Any CPU
		{A7FB020B-906A-460A-9A42-36929C8AE659}.Ad-Hoc|iPhone.ActiveCfg = Debug|Any CPU
		{A7FB020B-906A-460A-9A42-36929C8AE659}.Ad-Hoc|iPhone.Build.0 = Debug|Any CPU
		{A7FB020B-906A-460A-9A42-36929C8AE659}.Ad-Hoc|iPhone.Deploy.0 = Debug|Any CPU
		{A7FB020B-906A-460A-9A42-36929C8AE659}.Ad-Hoc|iPhoneSimulator.ActiveCfg = Debug|Any CPU
		{A7FB020B-906A-460A-9A42-36929C8AE659}.Ad-Hoc|iPhoneSimulator.Build.0 = Debug|Any CPU
		{A7FB020B-906A-460A-9A42-36929C8AE659}.Ad-Hoc|iPhoneSimulator.Deploy.0 = Debug|Any CPU
		{A7FB020B-906A-460A-9A42-36929C8AE659}.AppStore|Any CPU.ActiveCfg = Debug|Any CPU
		{A7FB020B-906A-460A-9A42-36929C8AE659}.AppStore|Any CPU.Build.0 = Debug|Any CPU
		{A7FB020B-906A-460A-9A42-36929C8AE659}.AppStore|Any CPU.Deploy.0 = Debug|Any CPU
		{A7FB020B-906A-460A-9A42-36929C8AE659}.AppStore|iPhone.ActiveCfg = Debug|Any CPU
		{A7FB020B-906A-460A-9A42-36929C8AE659}.AppStore|iPhone.Build.0 = Debug|Any CPU
		{A7FB020B-906A-460A-9A42-36929C8AE659}.AppStore|iPhone.Deploy.0 = Debug|Any CPU
		{A7FB020B-906A-460A-9A42-36929C8AE659}.AppStore|iPhoneSimulator.ActiveCfg = Debug|Any CPU
		{A7FB020B-906A-460A-9A42-36929C8AE659}.AppStore|iPhoneSimulator.Build.0 = Debug|Any CPU
		{A7FB020B-906A-460A-9A42-36929C8AE659}.AppStore|iPhoneSimulator.Deploy.0 = Debug|Any CPU
		{A7FB020B-906A-460A-9A42-36929C8AE659}.Debug|Any CPU.ActiveCfg = Debug|Any CPU
		{A7FB020B-906A-460A-9A42-36929C8AE659}.Debug|Any CPU.Build.0 = Debug|Any CPU
		{A7FB020B-906A-460A-9A42-36929C8AE659}.Debug|Any CPU.Deploy.0 = Debug|Any CPU
		{A7FB020B-906A-460A-9A42-36929C8AE659}.Debug|iPhone.ActiveCfg = Debug|Any CPU
		{A7FB020B-906A-460A-9A42-36929C8AE659}.Debug|iPhone.Build.0 = Debug|Any CPU
		{A7FB020B-906A-460A-9A42-36929C8AE659}.Debug|iPhone.Deploy.0 = Debug|Any CPU
		{A7FB020B-906A-460A-9A42-36929C8AE659}.Debug|iPhoneSimulator.ActiveCfg = Debug|Any CPU
		{A7FB020B-906A-460A-9A42-36929C8AE659}.Debug|iPhoneSimulator.Build.0 = Debug|Any CPU
		{A7FB020B-906A-460A-9A42-36929C8AE659}.Debug|iPhoneSimulator.Deploy.0 = Debug|Any CPU
		{A7FB020B-906A-460A-9A42-36929C8AE659}.Release|Any CPU.ActiveCfg = Release|Any CPU
		{A7FB020B-906A-460A-9A42-36929C8AE659}.Release|Any CPU.Build.0 = Release|Any CPU
		{A7FB020B-906A-460A-9A42-36929C8AE659}.Release|Any CPU.Deploy.0 = Release|Any CPU
		{A7FB020B-906A-460A-9A42-36929C8AE659}.Release|iPhone.ActiveCfg = Release|Any CPU
		{A7FB020B-906A-460A-9A42-36929C8AE659}.Release|iPhone.Build.0 = Release|Any CPU
		{A7FB020B-906A-460A-9A42-36929C8AE659}.Release|iPhone.Deploy.0 = Release|Any CPU
		{A7FB020B-906A-460A-9A42-36929C8AE659}.Release|iPhoneSimulator.ActiveCfg = Release|Any CPU
		{A7FB020B-906A-460A-9A42-36929C8AE659}.Release|iPhoneSimulator.Build.0 = Release|Any CPU
		{A7FB020B-906A-460A-9A42-36929C8AE659}.Release|iPhoneSimulator.Deploy.0 = Release|Any CPU
	EndGlobalSection
	GlobalSection(SolutionProperties) = preSolution
		HideSolutionNode = FALSE
	EndGlobalSection
	GlobalSection(ExtensibilityGlobals) = postSolution
		SolutionGuid = {86F5A4DB-BE29-47CC-8C7E-C1AE4086CAD8}
	EndGlobalSection
EndGlobal
